
Microsoft Visual Studio Solution File, Format Version 12.00
# Visual Studio Version 17
VisualStudioVersion = 17.10.34916.146
MinimumVisualStudioVersion = 10.0.40219.1
Project("{FAE04EC0-301F-11D3-BF4B-00C04F79EFBC}") = "Ds_bot", "Ds_bot.csproj", "{09F036D0-F219-4C8D-A580-CEC966BDFAF6}"
EndProject
Global
	GlobalSection(SolutionConfigurationPlatforms) = preSolution
		Debug|Any CPU = Debug|Any CPU
		Release|Any CPU = Release|Any CPU
	EndGlobalSection
	GlobalSection(ProjectConfigurationPlatforms) = postSolution
		{09F036D0-F219-4C8D-A580-CEC966BDFAF6}.Debug|Any CPU.ActiveCfg = Debug|Any CPU
		{09F036D0-F219-4C8D-A580-CEC966BDFAF6}.Debug|Any CPU.Build.0 = Debug|Any CPU
		{09F036D0-F219-4C8D-A580-CEC966BDFAF6}.Release|Any CPU.ActiveCfg = Release|Any CPU
		{09F036D0-F219-4C8D-A580-CEC966BDFAF6}.Release|Any CPU.Build.0 = Release|Any CPU
	EndGlobalSection
	GlobalSection(SolutionProperties) = preSolution
		HideSolutionNode = FALSE
	EndGlobalSection
	GlobalSection(ExtensibilityGlobals) = postSolution
		SolutionGuid = {42BFCB90-12D7-49DA-B621-DD68176F3AE7}
	EndGlobalSection
EndGlobal
